
Microsoft Visual Studio Solution File, Format Version 12.00
# Visual Studio 14
VisualStudioVersion = 14.0.25420.1
MinimumVisualStudioVersion = 10.0.40219.1
Project("{FAE04EC0-301F-11D3-BF4B-00C04F79EFBC}") = "Video_DB_Collector", "Video_DB_Collecter\Video_DB_Collector.csproj", "{AA6E3762-98AC-4E75-9809-D1A2054FF9EB}"
EndProject
Global
	GlobalSection(SolutionConfigurationPlatforms) = preSolution
		Debug|Any CPU = Debug|Any CPU
		Release|Any CPU = Release|Any CPU
	EndGlobalSection
	GlobalSection(ProjectConfigurationPlatforms) = postSolution
		{AA6E3762-98AC-4E75-9809-D1A2054FF9EB}.Debug|Any CPU.ActiveCfg = Debug|Any CPU
		{AA6E3762-98AC-4E75-9809-D1A2054FF9EB}.Debug|Any CPU.Build.0 = Debug|Any CPU
		{AA6E3762-98AC-4E75-9809-D1A2054FF9EB}.Release|Any CPU.ActiveCfg = Release|Any CPU
		{AA6E3762-98AC-4E75-9809-D1A2054FF9EB}.Release|Any CPU.Build.0 = Release|Any CPU
	EndGlobalSection
	GlobalSection(SolutionProperties) = preSolution
		HideSolutionNode = FALSE
	EndGlobalSection
EndGlobal
